
Microsoft Visual Studio Solution File, Format Version 12.00
# Visual Studio Version 16
VisualStudioVersion = 16.0.30711.63
MinimumVisualStudioVersion = 10.0.40219.1
Project("{FAE04EC0-301F-11D3-BF4B-00C04F79EFBC}") = "Pro1", "Pro1\Pro1.csproj", "{66446BE0-2293-4ED2-A8EC-957DF06266AD}"
EndProject
Global
	GlobalSection(SolutionConfigurationPlatforms) = preSolution
		Debug|Any CPU = Debug|Any CPU
		Release|Any CPU = Release|Any CPU
	EndGlobalSection
	GlobalSection(ProjectConfigurationPlatforms) = postSolution
		{66446BE0-2293-4ED2-A8EC-957DF06266AD}.Debug|Any CPU.ActiveCfg = Debug|Any CPU
		{66446BE0-2293-4ED2-A8EC-957DF06266AD}.Debug|Any CPU.Build.0 = Debug|Any CPU
		{66446BE0-2293-4ED2-A8EC-957DF06266AD}.Release|Any CPU.ActiveCfg = Release|Any CPU
		{66446BE0-2293-4ED2-A8EC-957DF06266AD}.Release|Any CPU.Build.0 = Release|Any CPU
	EndGlobalSection
	GlobalSection(SolutionProperties) = preSolution
		HideSolutionNode = FALSE
	EndGlobalSection
	GlobalSection(ExtensibilityGlobals) = postSolution
		SolutionGuid = {7E4963ED-461B-4F4A-9A0B-5E69E7C41EF9}
	EndGlobalSection
EndGlobal
